// !$*UTF8*$!
{
	archiveVersion = 1;
	classes = {
	};
	objectVersion = 56;
	objects = {

/* Begin PBXBuildFile section */
		C6A96BF129A001F30028096F /* AppDelegate.swift in Sources */ = {isa = PBXBuildFile; fileRef = C6A96BF029A001F30028096F /* AppDelegate.swift */; };
		C6A96BF329A001F30028096F /* SceneDelegate.swift in Sources */ = {isa = PBXBuildFile; fileRef = C6A96BF229A001F30028096F /* SceneDelegate.swift */; };
		C6A96BF529A001F30028096F /* ViewController.swift in Sources */ = {isa = PBXBuildFile; fileRef = C6A96BF429A001F30028096F /* ViewController.swift */; };
		C6A96BF829A001F30028096F /* Main.storyboard in Resources */ = {isa = PBXBuildFile; fileRef = C6A96BF629A001F30028096F /* Main.storyboard */; };
		C6A96BFA29A001F50028096F /* Assets.xcassets in Resources */ = {isa = PBXBuildFile; fileRef = C6A96BF929A001F50028096F /* Assets.xcassets */; };
		C6A96BFD29A001F50028096F /* LaunchScreen.storyboard in Resources */ = {isa = PBXBuildFile; fileRef = C6A96BFB29A001F50028096F /* LaunchScreen.storyboard */; };
		C6A96C0529A003C00028096F /* LoginViewController.swift in Sources */ = {isa = PBXBuildFile; fileRef = C6A96C0429A003C00028096F /* LoginViewController.swift */; };
		C6A96C0729A0048E0028096F /* CreateAccountViewController.swift in Sources */ = {isa = PBXBuildFile; fileRef = C6A96C0629A0048E0028096F /* CreateAccountViewController.swift */; };
		C6A96C0929A007730028096F /* GoogleService-Info.plist in Resources */ = {isa = PBXBuildFile; fileRef = C6A96C0829A007730028096F /* GoogleService-Info.plist */; };
		C6A96C0C29A0090F0028096F /* FirebaseAuth in Frameworks */ = {isa = PBXBuildFile; productRef = C6A96C0B29A0090F0028096F /* FirebaseAuth */; };
		C6A96C1029ADA6300028096F /* HomePageViewController.swift in Sources */ = {isa = PBXBuildFile; fileRef = C6A96C0F29ADA6300028096F /* HomePageViewController.swift */; };
		C6A96C1229ADA6960028096F /* ScanViewController.swift in Sources */ = {isa = PBXBuildFile; fileRef = C6A96C1129ADA6960028096F /* ScanViewController.swift */; };
		C6A96C1629C62BBD0028096F /* IngredientsViewController.swift in Sources */ = {isa = PBXBuildFile; fileRef = C6A96C1529C62BBD0028096F /* IngredientsViewController.swift */; };
/* End PBXBuildFile section */

/* Begin PBXFileReference section */
		C6A96BED29A001F30028096F /* IngredientScanner.app */ = {isa = PBXFileReference; explicitFileType = wrapper.application; includeInIndex = 0; path = IngredientScanner.app; sourceTree = BUILT_PRODUCTS_DIR; };
		C6A96BF029A001F30028096F /* AppDelegate.swift */ = {isa = PBXFileReference; lastKnownFileType = sourcecode.swift; path = AppDelegate.swift; sourceTree = "<group>"; };
		C6A96BF229A001F30028096F /* SceneDelegate.swift */ = {isa = PBXFileReference; lastKnownFileType = sourcecode.swift; path = SceneDelegate.swift; sourceTree = "<group>"; };
		C6A96BF429A001F30028096F /* ViewController.swift */ = {isa = PBXFileReference; lastKnownFileType = sourcecode.swift; path = ViewController.swift; sourceTree = "<group>"; };
		C6A96BF729A001F30028096F /* Base */ = {isa = PBXFileReference; lastKnownFileType = file.storyboard; name = Base; path = Base.lproj/Main.storyboard; sourceTree = "<group>"; };
		C6A96BF929A001F50028096F /* Assets.xcassets */ = {isa = PBXFileReference; lastKnownFileType = folder.assetcatalog; path = Assets.xcassets; sourceTree = "<group>"; };
		C6A96BFC29A001F50028096F /* Base */ = {isa = PBXFileReference; lastKnownFileType = file.storyboard; name = Base; path = Base.lproj/LaunchScreen.storyboard; sourceTree = "<group>"; };
		C6A96BFE29A001F50028096F /* Info.plist */ = {isa = PBXFileReference; lastKnownFileType = text.plist.xml; path = Info.plist; sourceTree = "<group>"; };
		C6A96C0429A003C00028096F /* LoginViewController.swift */ = {isa = PBXFileReference; lastKnownFileType = sourcecode.swift; path = LoginViewController.swift; sourceTree = "<group>"; };
		C6A96C0629A0048E0028096F /* CreateAccountViewController.swift */ = {isa = PBXFileReference; lastKnownFileType = sourcecode.swift; path = CreateAccountViewController.swift; sourceTree = "<group>"; };
		C6A96C0829A007730028096F /* GoogleService-Info.plist */ = {isa = PBXFileReference; fileEncoding = 4; lastKnownFileType = text.plist.xml; path = "GoogleService-Info.plist"; sourceTree = "<group>"; };
		C6A96C0F29ADA6300028096F /* HomePageViewController.swift */ = {isa = PBXFileReference; lastKnownFileType = sourcecode.swift; path = HomePageViewController.swift; sourceTree = "<group>"; };
		C6A96C1129ADA6960028096F /* ScanViewController.swift */ = {isa = PBXFileReference; lastKnownFileType = sourcecode.swift; path = ScanViewController.swift; sourceTree = "<group>"; };
		C6A96C1529C62BBD0028096F /* IngredientsViewController.swift */ = {isa = PBXFileReference; lastKnownFileType = sourcecode.swift; path = IngredientsViewController.swift; sourceTree = "<group>"; };
/* End PBXFileReference section */

/* Begin PBXFrameworksBuildPhase section */
		C6A96BEA29A001F30028096F /* Frameworks */ = {
			isa = PBXFrameworksBuildPhase;
			buildActionMask = 2147483647;
			files = (
				C6A96C0C29A0090F0028096F /* FirebaseAuth in Frameworks */,
			);
			runOnlyForDeploymentPostprocessing = 0;
		};
/* End PBXFrameworksBuildPhase section */

/* Begin PBXGroup section */
		C6A96BE429A001F30028096F = {
			isa = PBXGroup;
			children = (
				C6A96BEF29A001F30028096F /* IngredientScanner */,
				C6A96BEE29A001F30028096F /* Products */,
			);
			sourceTree = "<group>";
		};
		C6A96BEE29A001F30028096F /* Products */ = {
			isa = PBXGroup;
			children = (
				C6A96BED29A001F30028096F /* IngredientScanner.app */,
			);
			name = Products;
			sourceTree = "<group>";
		};
		C6A96BEF29A001F30028096F /* IngredientScanner */ = {
			isa = PBXGroup;
			children = (
				C6A96C1529C62BBD0028096F /* IngredientsViewController.swift */,
				C6A96C1129ADA6960028096F /* ScanViewController.swift */,
				C6A96BF029A001F30028096F /* AppDelegate.swift */,
				C6A96BF229A001F30028096F /* SceneDelegate.swift */,
				C6A96BF429A001F30028096F /* ViewController.swift */,
				C6A96BF629A001F30028096F /* Main.storyboard */,
				C6A96C0F29ADA6300028096F /* HomePageViewController.swift */,
				C6A96C0429A003C00028096F /* LoginViewController.swift */,
				C6A96C0629A0048E0028096F /* CreateAccountViewController.swift */,
				C6A96BF929A001F50028096F /* Assets.xcassets */,
				C6A96BFB29A001F50028096F /* LaunchScreen.storyboard */,
				C6A96BFE29A001F50028096F /* Info.plist */,
				C6A96C0829A007730028096F /* GoogleService-Info.plist */,
			);
			path = IngredientScanner;
			sourceTree = "<group>";
		};
/* End PBXGroup section */

/* Begin PBXNativeTarget section */
		C6A96BEC29A001F30028096F /* IngredientScanner */ = {
			isa = PBXNativeTarget;
			buildConfigurationList = C6A96C0129A001F50028096F /* Build configuration list for PBXNativeTarget "IngredientScanner" */;
			buildPhases = (
				C6A96BE929A001F30028096F /* Sources */,
				C6A96BEA29A001F30028096F /* Frameworks */,
				C6A96BEB29A001F30028096F /* Resources */,
			);
			buildRules = (
			);
			dependencies = (
			);
			name = IngredientScanner;
			packageProductDependencies = (
				C6A96C0B29A0090F0028096F /* FirebaseAuth */,
			);
			productName = IngredientScanner;
			productReference = C6A96BED29A001F30028096F /* IngredientScanner.app */;
			productType = "com.apple.product-type.application";
		};
/* End PBXNativeTarget section */

/* Begin PBXProject section */
		C6A96BE529A001F30028096F /* Project object */ = {
			isa = PBXProject;
			attributes = {
				BuildIndependentTargetsInParallel = 1;
				LastSwiftUpdateCheck = 1420;
				LastUpgradeCheck = 1420;
				TargetAttributes = {
					C6A96BEC29A001F30028096F = {
						CreatedOnToolsVersion = 14.2;
					};
				};
			};
			buildConfigurationList = C6A96BE829A001F30028096F /* Build configuration list for PBXProject "IngredientScanner" */;
			compatibilityVersion = "Xcode 14.0";
			developmentRegion = en;
			hasScannedForEncodings = 0;
			knownRegions = (
				en,
				Base,
			);
			mainGroup = C6A96BE429A001F30028096F;
			packageReferences = (
				C6A96C0A29A0090F0028096F /* XCRemoteSwiftPackageReference "firebase-ios-sdk" */,
			);
			productRefGroup = C6A96BEE29A001F30028096F /* Products */;
			projectDirPath = "";
			projectRoot = "";
			targets = (
				C6A96BEC29A001F30028096F /* IngredientScanner */,
			);
		};
/* End PBXProject section */

/* Begin PBXResourcesBuildPhase section */
		C6A96BEB29A001F30028096F /* Resources */ = {
			isa = PBXResourcesBuildPhase;
			buildActionMask = 2147483647;
			files = (
				C6A96BFD29A001F50028096F /* LaunchScreen.storyboard in Resources */,
				C6A96C0929A007730028096F /* GoogleService-Info.plist in Resources */,
				C6A96BFA29A001F50028096F /* Assets.xcassets in Resources */,
				C6A96BF829A001F30028096F /* Main.storyboard in Resources */,
			);
			runOnlyForDeploymentPostprocessing = 0;
		};
/* End PBXResourcesBuildPhase section */

/* Begin PBXSourcesBuildPhase section */
		C6A96BE929A001F30028096F /* Sources */ = {
			isa = PBXSourcesBuildPhase;
			buildActionMask = 2147483647;
			files = (
				C6A96C0729A0048E0028096F /* CreateAccountViewController.swift in Sources */,
				C6A96C1229ADA6960028096F /* ScanViewController.swift in Sources */,
				C6A96C0529A003C00028096F /* LoginViewController.swift in Sources */,
				C6A96C1029ADA6300028096F /* HomePageViewController.swift in Sources */,
				C6A96BF529A001F30028096F /* ViewController.swift in Sources */,
				C6A96C1629C62BBD0028096F /* IngredientsViewController.swift in Sources */,
				C6A96BF129A001F30028096F /* AppDelegate.swift in Sources */,
				C6A96BF329A001F30028096F /* SceneDelegate.swift in Sources */,
			);
			runOnlyForDeploymentPostprocessing = 0;
		};
/* End PBXSourcesBuildPhase section */

/* Begin PBXVariantGroup section */
		C6A96BF629A001F30028096F /* Main.storyboard */ = {
			isa = PBXVariantGroup;
			children = (
				C6A96BF729A001F30028096F /* Base */,
			);
			name = Main.storyboard;
			sourceTree = "<group>";
		};
		C6A96BFB29A001F50028096F /* LaunchScreen.storyboard */ = {
			isa = PBXVariantGroup;
			children = (
				C6A96BFC29A001F50028096F /* Base */,
			);
			name = LaunchScreen.storyboard;
			sourceTree = "<group>";
		};
/* End PBXVariantGroup section */

/* Begin XCBuildConfiguration section */
		C6A96BFF29A001F50028096F /* Debug */ = {
			isa = XCBuildConfiguration;
			buildSettings = {
				ALWAYS_SEARCH_USER_PATHS = NO;
				CLANG_ANALYZER_NONNULL = YES;
				CLANG_ANALYZER_NUMBER_OBJECT_CONVERSION = YES_AGGRESSIVE;
				CLANG_CXX_LANGUAGE_STANDARD = "gnu++20";
				CLANG_ENABLE_MODULES = YES;
				CLANG_ENABLE_OBJC_ARC = YES;
				CLANG_ENABLE_OBJC_WEAK = YES;
				CLANG_WARN_BLOCK_CAPTURE_AUTORELEASING = YES;
				CLANG_WARN_BOOL_CONVERSION = YES;
				CLANG_WARN_COMMA = YES;
				CLANG_WARN_CONSTANT_CONVERSION = YES;
				CLANG_WARN_DEPRECATED_OBJC_IMPLEMENTATIONS = YES;
				CLANG_WARN_DIRECT_OBJC_ISA_USAGE = YES_ERROR;
				CLANG_WARN_DOCUMENTATION_COMMENTS = YES;
				CLANG_WARN_EMPTY_BODY = YES;
				CLANG_WARN_ENUM_CONVERSION = YES;
				CLANG_WARN_INFINITE_RECURSION = YES;
				CLANG_WARN_INT_CONVERSION = YES;
				CLANG_WARN_NON_LITERAL_NULL_CONVERSION = YES;
				CLANG_WARN_OBJC_IMPLICIT_RETAIN_SELF = YES;
				CLANG_WARN_OBJC_LITERAL_CONVERSION = YES;
				CLANG_WARN_OBJC_ROOT_CLASS = YES_ERROR;
				CLANG_WARN_QUOTED_INCLUDE_IN_FRAMEWORK_HEADER = YES;
				CLANG_WARN_RANGE_LOOP_ANALYSIS = YES;
				CLANG_WARN_STRICT_PROTOTYPES = YES;
				CLANG_WARN_SUSPICIOUS_MOVE = YES;
				CLANG_WARN_UNGUARDED_AVAILABILITY = YES_AGGRESSIVE;
				CLANG_WARN_UNREACHABLE_CODE = YES;
				CLANG_WARN__DUPLICATE_METHOD_MATCH = YES;
				COPY_PHASE_STRIP = NO;
				DEBUG_INFORMATION_FORMAT = dwarf;
				ENABLE_STRICT_OBJC_MSGSEND = YES;
				ENABLE_TESTABILITY = YES;
				GCC_C_LANGUAGE_STANDARD = gnu11;
				GCC_DYNAMIC_NO_PIC = NO;
				GCC_NO_COMMON_BLOCKS = YES;
				GCC_OPTIMIZATION_LEVEL = 0;
				GCC_PREPROCESSOR_DEFINITIONS = (
					"DEBUG=1",
					"$(inherited)",
				);
				GCC_WARN_64_TO_32_BIT_CONVERSION = YES;
				GCC_WARN_ABOUT_RETURN_TYPE = YES_ERROR;
				GCC_WARN_UNDECLARED_SELECTOR = YES;
				GCC_WARN_UNINITIALIZED_AUTOS = YES_AGGRESSIVE;
				GCC_WARN_UNUSED_FUNCTION = YES;
				GCC_WARN_UNUSED_VARIABLE = YES;
				IPHONEOS_DEPLOYMENT_TARGET = 16.2;
				MTL_ENABLE_DEBUG_INFO = INCLUDE_SOURCE;
				MTL_FAST_MATH = YES;
				ONLY_ACTIVE_ARCH = YES;
				SDKROOT = iphoneos;
				SWIFT_ACTIVE_COMPILATION_CONDITIONS = DEBUG;
				SWIFT_OPTIMIZATION_LEVEL = "-Onone";
			};
			name = Debug;
		};
		C6A96C0029A001F50028096F /* Release */ = {
			isa = XCBuildConfiguration;
			buildSettings = {
				ALWAYS_SEARCH_USER_PATHS = NO;
				CLANG_ANALYZER_NONNULL = YES;
				CLANG_ANALYZER_NUMBER_OBJECT_CONVERSION = YES_AGGRESSIVE;
				CLANG_CXX_LANGUAGE_STANDARD = "gnu++20";
				CLANG_ENABLE_MODULES = YES;
				CLANG_ENABLE_OBJC_ARC = YES;
				CLANG_ENABLE_OBJC_WEAK = YES;
				CLANG_WARN_BLOCK_CAPTURE_AUTORELEASING = YES;
				CLANG_WARN_BOOL_CONVERSION = YES;
				CLANG_WARN_COMMA = YES;
				CLANG_WARN_CONSTANT_CONVERSION = YES;
				CLANG_WARN_DEPRECATED_OBJC_IMPLEMENTATIONS = YES;
				CLANG_WARN_DIRECT_OBJC_ISA_USAGE = YES_ERROR;
				CLANG_WARN_DOCUMENTATION_COMMENTS = YES;
				CLANG_WARN_EMPTY_BODY = YES;
				CLANG_WARN_ENUM_CONVERSION = YES;
				CLANG_WARN_INFINITE_RECURSION = YES;
				CLANG_WARN_INT_CONVERSION = YES;
				CLANG_WARN_NON_LITERAL_NULL_CONVERSION = YES;
				CLANG_WARN_OBJC_IMPLICIT_RETAIN_SELF = YES;
				CLANG_WARN_OBJC_LITERAL_CONVERSION = YES;
				CLANG_WARN_OBJC_ROOT_CLASS = YES_ERROR;
				CLANG_WARN_QUOTED_INCLUDE_IN_FRAMEWORK_HEADER = YES;
				CLANG_WARN_RANGE_LOOP_ANALYSIS = YES;
				CLANG_WARN_STRICT_PROTOTYPES = YES;
				CLANG_WARN_SUSPICIOUS_MOVE = YES;
				CLANG_WARN_UNGUARDED_AVAILABILITY = YES_AGGRESSIVE;
				CLANG_WARN_UNREACHABLE_CODE = YES;
				CLANG_WARN__DUPLICATE_METHOD_MATCH = YES;
				COPY_PHASE_STRIP = NO;
				DEBUG_INFORMATION_FORMAT = "dwarf-with-dsym";
				ENABLE_NS_ASSERTIONS = NO;
				ENABLE_STRICT_OBJC_MSGSEND = YES;
				GCC_C_LANGUAGE_STANDARD = gnu11;
				GCC_NO_COMMON_BLOCKS = YES;
				GCC_WARN_64_TO_32_BIT_CONVERSION = YES;
				GCC_WARN_ABOUT_RETURN_TYPE = YES_ERROR;
				GCC_WARN_UNDECLARED_SELECTOR = YES;
				GCC_WARN_UNINITIALIZED_AUTOS = YES_AGGRESSIVE;
				GCC_WARN_UNUSED_FUNCTION = YES;
				GCC_WARN_UNUSED_VARIABLE = YES;
				IPHONEOS_DEPLOYMENT_TARGET = 16.2;
				MTL_ENABLE_DEBUG_INFO = NO;
				MTL_FAST_MATH = YES;
				SDKROOT = iphoneos;
				SWIFT_COMPILATION_MODE = wholemodule;
				SWIFT_OPTIMIZATION_LEVEL = "-O";
				VALIDATE_PRODUCT = YES;
			};
			name = Release;
		};
		C6A96C0229A001F50028096F /* Debug */ = {
			isa = XCBuildConfiguration;
			buildSettings = {
				ASSETCATALOG_COMPILER_APPICON_NAME = AppIcon;
				ASSETCATALOG_COMPILER_GLOBAL_ACCENT_COLOR_NAME = AccentColor;
				CODE_SIGN_STYLE = Automatic;
				CURRENT_PROJECT_VERSION = 1;
				DEVELOPMENT_TEAM = M97AX2PNY9;
				GENERATE_INFOPLIST_FILE = YES;
				INFOPLIST_FILE = IngredientScanner/Info.plist;
				INFOPLIST_KEY_NSCameraUsageDescription = "The app needs camera access to scan barcodes and text.";
				INFOPLIST_KEY_UIApplicationSupportsIndirectInputEvents = YES;
				INFOPLIST_KEY_UILaunchStoryboardName = LaunchScreen;
				INFOPLIST_KEY_UIMainStoryboardFile = Main;
				INFOPLIST_KEY_UISupportedInterfaceOrientations_iPad = "UIInterfaceOrientationPortrait UIInterfaceOrientationPortraitUpsideDown UIInterfaceOrientationLandscapeLeft UIInterfaceOrientationLandscapeRight";
				INFOPLIST_KEY_UISupportedInterfaceOrientations_iPhone = "UIInterfaceOrientationPortrait UIInterfaceOrientationLandscapeLeft UIInterfaceOrientationLandscapeRight";
				LD_RUNPATH_SEARCH_PATHS = (
					"$(inherited)",
					"@executable_path/Frameworks",
				);
				MARKETING_VERSION = 1.0;
				PRODUCT_BUNDLE_IDENTIFIER = pc.IngredientScanner;
				PRODUCT_NAME = "$(TARGET_NAME)";
				SWIFT_EMIT_LOC_STRINGS = YES;
				SWIFT_VERSION = 5.0;
				TARGETED_DEVICE_FAMILY = "1,2";
			};
			name = Debug;
		};
		C6A96C0329A001F50028096F /* Release */ = {
			isa = XCBuildConfiguration;
			buildSettings = {
				ASSETCATALOG_COMPILER_APPICON_NAME = AppIcon;
				ASSETCATALOG_COMPILER_GLOBAL_ACCENT_COLOR_NAME = AccentColor;
				CODE_SIGN_STYLE = Automatic;
				CURRENT_PROJECT_VERSION = 1;
				DEVELOPMENT_TEAM = M97AX2PNY9;
				GENERATE_INFOPLIST_FILE = YES;
				INFOPLIST_FILE = IngredientScanner/Info.plist;
				INFOPLIST_KEY_NSCameraUsageDescription = "The app needs camera access to scan barcodes and text.";
				INFOPLIST_KEY_UIApplicationSupportsIndirectInputEvents = YES;
				INFOPLIST_KEY_UILaunchStoryboardName = LaunchScreen;
				INFOPLIST_KEY_UIMainStoryboardFile = Main;
				INFOPLIST_KEY_UISupportedInterfaceOrientations_iPad = "UIInterfaceOrientationPortrait UIInterfaceOrientationPortraitUpsideDown UIInterfaceOrientationLandscapeLeft UIInterfaceOrientationLandscapeRight";
				INFOPLIST_KEY_UISupportedInterfaceOrientations_iPhone = "UIInterfaceOrientationPortrait UIInterfaceOrientationLandscapeLeft UIInterfaceOrientationLandscapeRight";
				LD_RUNPATH_SEARCH_PATHS = (
					"$(inherited)",
					"@executable_path/Frameworks",
				);
				MARKETING_VERSION = 1.0;
				PRODUCT_BUNDLE_IDENTIFIER = pc.IngredientScanner;
				PRODUCT_NAME = "$(TARGET_NAME)";
				SWIFT_EMIT_LOC_STRINGS = YES;
				SWIFT_VERSION = 5.0;
				TARGETED_DEVICE_FAMILY = "1,2";
			};
			name = Release;
		};
/* End XCBuildConfiguration section */

/* Begin XCConfigurationList section */
		C6A96BE829A001F30028096F /* Build configuration list for PBXProject "IngredientScanner" */ = {
			isa = XCConfigurationList;
			buildConfigurations = (
				C6A96BFF29A001F50028096F /* Debug */,
				C6A96C0029A001F50028096F /* Release */,
			);
			defaultConfigurationIsVisible = 0;
			defaultConfigurationName = Release;
		};
		C6A96C0129A001F50028096F /* Build configuration list for PBXNativeTarget "IngredientScanner" */ = {
			isa = XCConfigurationList;
			buildConfigurations = (
				C6A96C0229A001F50028096F /* Debug */,
				C6A96C0329A001F50028096F /* Release */,
			);
			defaultConfigurationIsVisible = 0;
			defaultConfigurationName = Release;
		};
/* End XCConfigurationList section */

/* Begin XCRemoteSwiftPackageReference section */
		C6A96C0A29A0090F0028096F /* XCRemoteSwiftPackageReference "firebase-ios-sdk" */ = {
			isa = XCRemoteSwiftPackageReference;
			repositoryURL = "https://github.com/firebase/firebase-ios-sdk";
			requirement = {
				kind = upToNextMajorVersion;
				minimumVersion = 9.0.0;
			};
		};
/* End XCRemoteSwiftPackageReference section */

/* Begin XCSwiftPackageProductDependency section */
		C6A96C0B29A0090F0028096F /* FirebaseAuth */ = {
			isa = XCSwiftPackageProductDependency;
			package = C6A96C0A29A0090F0028096F /* XCRemoteSwiftPackageReference "firebase-ios-sdk" */;
			productName = FirebaseAuth;
		};
/* End XCSwiftPackageProductDependency section */
	};
	rootObject = C6A96BE529A001F30028096F /* Project object */;
}
